
Microsoft Visual Studio Solution File, Format Version 12.00
# Visual Studio Version 17
VisualStudioVersion = 17.7.34221.43
MinimumVisualStudioVersion = 10.0.40219.1
Project("{9A19103F-16F7-4668-BE54-9A1E7A4F7556}") = "GameServer", "GameServer.csproj", "{E9D5D662-050B-4DAA-8611-E3FB55F4EBAA}"
EndProject
Global
	GlobalSection(SolutionConfigurationPlatforms) = preSolution
		Debug|x64 = Debug|x64
		Release|x64 = Release|x64
	EndGlobalSection
	GlobalSection(ProjectConfigurationPlatforms) = postSolution
		{E9D5D662-050B-4DAA-8611-E3FB55F4EBAA}.Debug|x64.ActiveCfg = Debug|x64
		{E9D5D662-050B-4DAA-8611-E3FB55F4EBAA}.Debug|x64.Build.0 = Debug|x64
		{E9D5D662-050B-4DAA-8611-E3FB55F4EBAA}.Release|x64.ActiveCfg = Debug|x64
		{E9D5D662-050B-4DAA-8611-E3FB55F4EBAA}.Release|x64.Build.0 = Debug|x64
	EndGlobalSection
	GlobalSection(SolutionProperties) = preSolution
		HideSolutionNode = FALSE
	EndGlobalSection
	GlobalSection(ExtensibilityGlobals) = postSolution
		SolutionGuid = {B579769E-3F0C-46B2-BBE8-0D24CA6791B8}
	EndGlobalSection
EndGlobal
